
Microsoft Visual Studio Solution File, Format Version 12.00
# Visual Studio Version 17
VisualStudioVersion = 17.5.33627.172
MinimumVisualStudioVersion = 10.0.40219.1
Project("{9A19103F-16F7-4668-BE54-9A1E7A4F7556}") = "ReverseArr", "ReverseArr\ReverseArr.csproj", "{567A3756-980F-4F8D-A3F5-461362CA3118}"
EndProject
Project("{9A19103F-16F7-4668-BE54-9A1E7A4F7556}") = "NestedLoopsToRecursion", "NestedLoopsToRecursion\NestedLoopsToRecursion.csproj", "{4044094B-7860-49D3-96A9-474415B88B32}"
EndProject
Project("{9A19103F-16F7-4668-BE54-9A1E7A4F7556}") = "ConnectedAreasInAMatrix", "ConnectedAreasInAMatrix\ConnectedAreasInAMatrix.csproj", "{7846B7E7-70E9-47E9-8143-F60897427A6D}"
EndProject
Project("{FAE04EC0-301F-11D3-BF4B-00C04F79EFBC}") = "Cinema", "Cinema\Cinema.csproj", "{8A146912-CA31-4F73-B0FA-3F6A0B72C9D2}"
EndProject
Project("{FAE04EC0-301F-11D3-BF4B-00C04F79EFBC}") = "SchoolTeams", "SchoolTeams\SchoolTeams.csproj", "{B461A592-6603-411F-8183-374346437B37}"
EndProject
Global
	GlobalSection(SolutionConfigurationPlatforms) = preSolution
		Debug|Any CPU = Debug|Any CPU
		Release|Any CPU = Release|Any CPU
	EndGlobalSection
	GlobalSection(ProjectConfigurationPlatforms) = postSolution
		{567A3756-980F-4F8D-A3F5-461362CA3118}.Debug|Any CPU.ActiveCfg = Debug|Any CPU
		{567A3756-980F-4F8D-A3F5-461362CA3118}.Debug|Any CPU.Build.0 = Debug|Any CPU
		{567A3756-980F-4F8D-A3F5-461362CA3118}.Release|Any CPU.ActiveCfg = Release|Any CPU
		{567A3756-980F-4F8D-A3F5-461362CA3118}.Release|Any CPU.Build.0 = Release|Any CPU
		{4044094B-7860-49D3-96A9-474415B88B32}.Debug|Any CPU.ActiveCfg = Debug|Any CPU
		{4044094B-7860-49D3-96A9-474415B88B32}.Debug|Any CPU.Build.0 = Debug|Any CPU
		{4044094B-7860-49D3-96A9-474415B88B32}.Release|Any CPU.ActiveCfg = Release|Any CPU
		{4044094B-7860-49D3-96A9-474415B88B32}.Release|Any CPU.Build.0 = Release|Any CPU
		{7846B7E7-70E9-47E9-8143-F60897427A6D}.Debug|Any CPU.ActiveCfg = Debug|Any CPU
		{7846B7E7-70E9-47E9-8143-F60897427A6D}.Debug|Any CPU.Build.0 = Debug|Any CPU
		{7846B7E7-70E9-47E9-8143-F60897427A6D}.Release|Any CPU.ActiveCfg = Release|Any CPU
		{7846B7E7-70E9-47E9-8143-F60897427A6D}.Release|Any CPU.Build.0 = Release|Any CPU
		{8A146912-CA31-4F73-B0FA-3F6A0B72C9D2}.Debug|Any CPU.ActiveCfg = Debug|Any CPU
		{8A146912-CA31-4F73-B0FA-3F6A0B72C9D2}.Debug|Any CPU.Build.0 = Debug|Any CPU
		{8A146912-CA31-4F73-B0FA-3F6A0B72C9D2}.Release|Any CPU.ActiveCfg = Release|Any CPU
		{8A146912-CA31-4F73-B0FA-3F6A0B72C9D2}.Release|Any CPU.Build.0 = Release|Any CPU
		{B461A592-6603-411F-8183-374346437B37}.Debug|Any CPU.ActiveCfg = Debug|Any CPU
		{B461A592-6603-411F-8183-374346437B37}.Debug|Any CPU.Build.0 = Debug|Any CPU
		{B461A592-6603-411F-8183-374346437B37}.Release|Any CPU.ActiveCfg = Release|Any CPU
		{B461A592-6603-411F-8183-374346437B37}.Release|Any CPU.Build.0 = Release|Any CPU
	EndGlobalSection
	GlobalSection(SolutionProperties) = preSolution
		HideSolutionNode = FALSE
	EndGlobalSection
	GlobalSection(ExtensibilityGlobals) = postSolution
		SolutionGuid = {566A67C8-4D1B-422F-98F0-25EC773B1729}
	EndGlobalSection
EndGlobal
