
Microsoft Visual Studio Solution File, Format Version 12.00
# Visual Studio Version 17
VisualStudioVersion = 17.5.33627.172
MinimumVisualStudioVersion = 10.0.40219.1
Project("{FAE04EC0-301F-11D3-BF4B-00C04F79EFBC}") = "BinarySearch", "BinarySearch\BinarySearch.csproj", "{CF04EE8F-206E-4631-8A74-EBD96D0BB0E1}"
EndProject
Project("{FAE04EC0-301F-11D3-BF4B-00C04F79EFBC}") = "SelectionSort", "SelectionSort\SelectionSort.csproj", "{D16B1DC7-0532-47AD-8DC3-51C5AFF69403}"
EndProject
Global
	GlobalSection(SolutionConfigurationPlatforms) = preSolution
		Debug|Any CPU = Debug|Any CPU
		Release|Any CPU = Release|Any CPU
	EndGlobalSection
	GlobalSection(ProjectConfigurationPlatforms) = postSolution
		{CF04EE8F-206E-4631-8A74-EBD96D0BB0E1}.Debug|Any CPU.ActiveCfg = Debug|Any CPU
		{CF04EE8F-206E-4631-8A74-EBD96D0BB0E1}.Debug|Any CPU.Build.0 = Debug|Any CPU
		{CF04EE8F-206E-4631-8A74-EBD96D0BB0E1}.Release|Any CPU.ActiveCfg = Release|Any CPU
		{CF04EE8F-206E-4631-8A74-EBD96D0BB0E1}.Release|Any CPU.Build.0 = Release|Any CPU
		{D16B1DC7-0532-47AD-8DC3-51C5AFF69403}.Debug|Any CPU.ActiveCfg = Debug|Any CPU
		{D16B1DC7-0532-47AD-8DC3-51C5AFF69403}.Debug|Any CPU.Build.0 = Debug|Any CPU
		{D16B1DC7-0532-47AD-8DC3-51C5AFF69403}.Release|Any CPU.ActiveCfg = Release|Any CPU
		{D16B1DC7-0532-47AD-8DC3-51C5AFF69403}.Release|Any CPU.Build.0 = Release|Any CPU
	EndGlobalSection
	GlobalSection(SolutionProperties) = preSolution
		HideSolutionNode = FALSE
	EndGlobalSection
	GlobalSection(ExtensibilityGlobals) = postSolution
		SolutionGuid = {21710C53-CDB5-455B-AEBC-44EB8A62CD6E}
	EndGlobalSection
EndGlobal
