
Microsoft Visual Studio Solution File, Format Version 12.00
# Visual Studio Version 17
VisualStudioVersion = 17.5.33627.172
MinimumVisualStudioVersion = 10.0.40219.1
Project("{FAE04EC0-301F-11D3-BF4B-00C04F79EFBC}") = "BinarySearch", "BinarySearch\BinarySearch.csproj", "{CF04EE8F-206E-4631-8A74-EBD96D0BB0E1}"
EndProject
Project("{FAE04EC0-301F-11D3-BF4B-00C04F79EFBC}") = "SelectionSort", "SelectionSort\SelectionSort.csproj", "{D16B1DC7-0532-47AD-8DC3-51C5AFF69403}"
EndProject
Project("{FAE04EC0-301F-11D3-BF4B-00C04F79EFBC}") = "BubbleSort", "BubbleSort\BubbleSort.csproj", "{C6FAAD47-8447-4CC2-9935-FF0F1CC00028}"
EndProject
Project("{FAE04EC0-301F-11D3-BF4B-00C04F79EFBC}") = "InsertionSort", "InsertionSort\InsertionSort.csproj", "{3C792D86-9E00-44D2-BE3E-AF00DA9EB424}"
EndProject
Project("{FAE04EC0-301F-11D3-BF4B-00C04F79EFBC}") = "QuickSort", "QuickSort\QuickSort.csproj", "{C0AE814F-2A37-49B2-80C2-4FBA460DF303}"
EndProject
Project("{FAE04EC0-301F-11D3-BF4B-00C04F79EFBC}") = "MergeSort", "MergeSort\MergeSort.csproj", "{46CA5EAA-E1F9-4EDD-B24A-56C85702AF03}"
EndProject
Project("{FAE04EC0-301F-11D3-BF4B-00C04F79EFBC}") = "SumOfCoins", "SumOfCoins\SumOfCoins.csproj", "{5C3EEA08-7B1F-4FC0-A034-75C5026A0260}"
EndProject
Project("{FAE04EC0-301F-11D3-BF4B-00C04F79EFBC}") = "SetCover", "SetCover\SetCover.csproj", "{FB7ECBF5-5791-4EE8-AED2-C99BD831D614}"
EndProject
Global
	GlobalSection(SolutionConfigurationPlatforms) = preSolution
		Debug|Any CPU = Debug|Any CPU
		Release|Any CPU = Release|Any CPU
	EndGlobalSection
	GlobalSection(ProjectConfigurationPlatforms) = postSolution
		{CF04EE8F-206E-4631-8A74-EBD96D0BB0E1}.Debug|Any CPU.ActiveCfg = Debug|Any CPU
		{CF04EE8F-206E-4631-8A74-EBD96D0BB0E1}.Debug|Any CPU.Build.0 = Debug|Any CPU
		{CF04EE8F-206E-4631-8A74-EBD96D0BB0E1}.Release|Any CPU.ActiveCfg = Release|Any CPU
		{CF04EE8F-206E-4631-8A74-EBD96D0BB0E1}.Release|Any CPU.Build.0 = Release|Any CPU
		{D16B1DC7-0532-47AD-8DC3-51C5AFF69403}.Debug|Any CPU.ActiveCfg = Debug|Any CPU
		{D16B1DC7-0532-47AD-8DC3-51C5AFF69403}.Debug|Any CPU.Build.0 = Debug|Any CPU
		{D16B1DC7-0532-47AD-8DC3-51C5AFF69403}.Release|Any CPU.ActiveCfg = Release|Any CPU
		{D16B1DC7-0532-47AD-8DC3-51C5AFF69403}.Release|Any CPU.Build.0 = Release|Any CPU
		{C6FAAD47-8447-4CC2-9935-FF0F1CC00028}.Debug|Any CPU.ActiveCfg = Debug|Any CPU
		{C6FAAD47-8447-4CC2-9935-FF0F1CC00028}.Debug|Any CPU.Build.0 = Debug|Any CPU
		{C6FAAD47-8447-4CC2-9935-FF0F1CC00028}.Release|Any CPU.ActiveCfg = Release|Any CPU
		{C6FAAD47-8447-4CC2-9935-FF0F1CC00028}.Release|Any CPU.Build.0 = Release|Any CPU
		{3C792D86-9E00-44D2-BE3E-AF00DA9EB424}.Debug|Any CPU.ActiveCfg = Debug|Any CPU
		{3C792D86-9E00-44D2-BE3E-AF00DA9EB424}.Debug|Any CPU.Build.0 = Debug|Any CPU
		{3C792D86-9E00-44D2-BE3E-AF00DA9EB424}.Release|Any CPU.ActiveCfg = Release|Any CPU
		{3C792D86-9E00-44D2-BE3E-AF00DA9EB424}.Release|Any CPU.Build.0 = Release|Any CPU
		{C0AE814F-2A37-49B2-80C2-4FBA460DF303}.Debug|Any CPU.ActiveCfg = Debug|Any CPU
		{C0AE814F-2A37-49B2-80C2-4FBA460DF303}.Debug|Any CPU.Build.0 = Debug|Any CPU
		{C0AE814F-2A37-49B2-80C2-4FBA460DF303}.Release|Any CPU.ActiveCfg = Release|Any CPU
		{C0AE814F-2A37-49B2-80C2-4FBA460DF303}.Release|Any CPU.Build.0 = Release|Any CPU
		{46CA5EAA-E1F9-4EDD-B24A-56C85702AF03}.Debug|Any CPU.ActiveCfg = Debug|Any CPU
		{46CA5EAA-E1F9-4EDD-B24A-56C85702AF03}.Debug|Any CPU.Build.0 = Debug|Any CPU
		{46CA5EAA-E1F9-4EDD-B24A-56C85702AF03}.Release|Any CPU.ActiveCfg = Release|Any CPU
		{46CA5EAA-E1F9-4EDD-B24A-56C85702AF03}.Release|Any CPU.Build.0 = Release|Any CPU
		{5C3EEA08-7B1F-4FC0-A034-75C5026A0260}.Debug|Any CPU.ActiveCfg = Debug|Any CPU
		{5C3EEA08-7B1F-4FC0-A034-75C5026A0260}.Debug|Any CPU.Build.0 = Debug|Any CPU
		{5C3EEA08-7B1F-4FC0-A034-75C5026A0260}.Release|Any CPU.ActiveCfg = Release|Any CPU
		{5C3EEA08-7B1F-4FC0-A034-75C5026A0260}.Release|Any CPU.Build.0 = Release|Any CPU
		{FB7ECBF5-5791-4EE8-AED2-C99BD831D614}.Debug|Any CPU.ActiveCfg = Debug|Any CPU
		{FB7ECBF5-5791-4EE8-AED2-C99BD831D614}.Debug|Any CPU.Build.0 = Debug|Any CPU
		{FB7ECBF5-5791-4EE8-AED2-C99BD831D614}.Release|Any CPU.ActiveCfg = Release|Any CPU
		{FB7ECBF5-5791-4EE8-AED2-C99BD831D614}.Release|Any CPU.Build.0 = Release|Any CPU
	EndGlobalSection
	GlobalSection(SolutionProperties) = preSolution
		HideSolutionNode = FALSE
	EndGlobalSection
	GlobalSection(ExtensibilityGlobals) = postSolution
		SolutionGuid = {21710C53-CDB5-455B-AEBC-44EB8A62CD6E}
	EndGlobalSection
EndGlobal
