
Microsoft Visual Studio Solution File, Format Version 12.00
# Visual Studio Version 17
VisualStudioVersion = 17.5.33424.131
MinimumVisualStudioVersion = 10.0.40219.1
Project("{9A19103F-16F7-4668-BE54-9A1E7A4F7556}") = "PermutationsWithoutRepetitions", "PermutationsWithoutRepetitions\PermutationsWithoutRepetitions.csproj", "{B2D8DB15-0BAA-41D4-B95A-0304BF2F1910}"
EndProject
Project("{FAE04EC0-301F-11D3-BF4B-00C04F79EFBC}") = "PermutationsWithRepetitions", "PermutationsWithRepetitions\PermutationsWithRepetitions.csproj", "{F38BB2EF-1AEB-44CA-977E-ECF84EB73617}"
EndProject
Project("{FAE04EC0-301F-11D3-BF4B-00C04F79EFBC}") = "VariationsWithoutRepetitions", "VariationsWithoutRepetitions\VariationsWithoutRepetitions.csproj", "{110F5FE5-0FF9-4E04-B3C8-0290CEC5C012}"
EndProject
Project("{FAE04EC0-301F-11D3-BF4B-00C04F79EFBC}") = "VariationsWithRepetition", "VariationsWithRepetition\VariationsWithRepetition.csproj", "{C218BC47-95CE-4004-BFA7-40F7D3FA631A}"
EndProject
Project("{FAE04EC0-301F-11D3-BF4B-00C04F79EFBC}") = "CombinationsWithoutRepetition", "CombinationsWithoutRepetition\CombinationsWithoutRepetition.csproj", "{D18F2E3F-A759-498B-85D3-F945B78F7EA0}"
EndProject
Project("{FAE04EC0-301F-11D3-BF4B-00C04F79EFBC}") = "CombinationsWithRepetition", "CombinationsWithRepetition\CombinationsWithRepetition.csproj", "{401AC915-0CFA-4037-AC64-2D72E803B9C6}"
EndProject
Global
	GlobalSection(SolutionConfigurationPlatforms) = preSolution
		Debug|Any CPU = Debug|Any CPU
		Release|Any CPU = Release|Any CPU
	EndGlobalSection
	GlobalSection(ProjectConfigurationPlatforms) = postSolution
		{B2D8DB15-0BAA-41D4-B95A-0304BF2F1910}.Debug|Any CPU.ActiveCfg = Debug|Any CPU
		{B2D8DB15-0BAA-41D4-B95A-0304BF2F1910}.Debug|Any CPU.Build.0 = Debug|Any CPU
		{B2D8DB15-0BAA-41D4-B95A-0304BF2F1910}.Release|Any CPU.ActiveCfg = Release|Any CPU
		{B2D8DB15-0BAA-41D4-B95A-0304BF2F1910}.Release|Any CPU.Build.0 = Release|Any CPU
		{F38BB2EF-1AEB-44CA-977E-ECF84EB73617}.Debug|Any CPU.ActiveCfg = Debug|Any CPU
		{F38BB2EF-1AEB-44CA-977E-ECF84EB73617}.Debug|Any CPU.Build.0 = Debug|Any CPU
		{F38BB2EF-1AEB-44CA-977E-ECF84EB73617}.Release|Any CPU.ActiveCfg = Release|Any CPU
		{F38BB2EF-1AEB-44CA-977E-ECF84EB73617}.Release|Any CPU.Build.0 = Release|Any CPU
		{110F5FE5-0FF9-4E04-B3C8-0290CEC5C012}.Debug|Any CPU.ActiveCfg = Debug|Any CPU
		{110F5FE5-0FF9-4E04-B3C8-0290CEC5C012}.Debug|Any CPU.Build.0 = Debug|Any CPU
		{110F5FE5-0FF9-4E04-B3C8-0290CEC5C012}.Release|Any CPU.ActiveCfg = Release|Any CPU
		{110F5FE5-0FF9-4E04-B3C8-0290CEC5C012}.Release|Any CPU.Build.0 = Release|Any CPU
		{C218BC47-95CE-4004-BFA7-40F7D3FA631A}.Debug|Any CPU.ActiveCfg = Debug|Any CPU
		{C218BC47-95CE-4004-BFA7-40F7D3FA631A}.Debug|Any CPU.Build.0 = Debug|Any CPU
		{C218BC47-95CE-4004-BFA7-40F7D3FA631A}.Release|Any CPU.ActiveCfg = Release|Any CPU
		{C218BC47-95CE-4004-BFA7-40F7D3FA631A}.Release|Any CPU.Build.0 = Release|Any CPU
		{D18F2E3F-A759-498B-85D3-F945B78F7EA0}.Debug|Any CPU.ActiveCfg = Debug|Any CPU
		{D18F2E3F-A759-498B-85D3-F945B78F7EA0}.Debug|Any CPU.Build.0 = Debug|Any CPU
		{D18F2E3F-A759-498B-85D3-F945B78F7EA0}.Release|Any CPU.ActiveCfg = Release|Any CPU
		{D18F2E3F-A759-498B-85D3-F945B78F7EA0}.Release|Any CPU.Build.0 = Release|Any CPU
		{401AC915-0CFA-4037-AC64-2D72E803B9C6}.Debug|Any CPU.ActiveCfg = Debug|Any CPU
		{401AC915-0CFA-4037-AC64-2D72E803B9C6}.Debug|Any CPU.Build.0 = Debug|Any CPU
		{401AC915-0CFA-4037-AC64-2D72E803B9C6}.Release|Any CPU.ActiveCfg = Release|Any CPU
		{401AC915-0CFA-4037-AC64-2D72E803B9C6}.Release|Any CPU.Build.0 = Release|Any CPU
	EndGlobalSection
	GlobalSection(SolutionProperties) = preSolution
		HideSolutionNode = FALSE
	EndGlobalSection
	GlobalSection(ExtensibilityGlobals) = postSolution
		SolutionGuid = {401E894D-F0AB-48AE-BB95-53DC400310B4}
	EndGlobalSection
EndGlobal
